
Microsoft Visual Studio Solution File, Format Version 12.00
# Visual Studio Version 16
VisualStudioVersion = 16.0.30804.86
MinimumVisualStudioVersion = 10.0.40219.1
Project("{FAE04EC0-301F-11D3-BF4B-00C04F79EFBC}") = "TextSpeechWebApplication", "TextSpeechWebApplication\TextSpeechWebApplication.csproj", "{2A2B3D81-8BAA-473A-9BE0-E3251F23F33C}"
EndProject
Global
	GlobalSection(SolutionConfigurationPlatforms) = preSolution
		Debug|Any CPU = Debug|Any CPU
		Release|Any CPU = Release|Any CPU
	EndGlobalSection
	GlobalSection(ProjectConfigurationPlatforms) = postSolution
		{2A2B3D81-8BAA-473A-9BE0-E3251F23F33C}.Debug|Any CPU.ActiveCfg = Debug|Any CPU
		{2A2B3D81-8BAA-473A-9BE0-E3251F23F33C}.Debug|Any CPU.Build.0 = Debug|Any CPU
		{2A2B3D81-8BAA-473A-9BE0-E3251F23F33C}.Release|Any CPU.ActiveCfg = Release|Any CPU
		{2A2B3D81-8BAA-473A-9BE0-E3251F23F33C}.Release|Any CPU.Build.0 = Release|Any CPU
	EndGlobalSection
	GlobalSection(SolutionProperties) = preSolution
		HideSolutionNode = FALSE
	EndGlobalSection
	GlobalSection(ExtensibilityGlobals) = postSolution
		SolutionGuid = {6782F309-37B7-4934-810F-0F4EBE13D5FF}
	EndGlobalSection
EndGlobal
